
Microsoft Visual Studio Solution File, Format Version 12.00
# Visual Studio 15
VisualStudioVersion = 15.0.28307.572
MinimumVisualStudioVersion = 10.0.40219.1
Project("{8BC9CEB8-8B4A-11D0-8D11-00A0C91BC942}") = "MemoryCheat", "MemoryCheat\MemoryCheat.vcxproj", "{DC1499A2-69B9-42CD-AB3B-F478742E0D96}"
EndProject
Project("{8BC9CEB8-8B4A-11D0-8D11-00A0C91BC942}") = "pvz", "pvz\pvz.vcxproj", "{2ED30A62-29D0-4E90-96A6-23BCC7A6DC06}"
EndProject
Global
	GlobalSection(SolutionConfigurationPlatforms) = preSolution
		Debug|x64 = Debug|x64
		Debug|x86 = Debug|x86
		Release|x64 = Release|x64
		Release|x86 = Release|x86
	EndGlobalSection
	GlobalSection(ProjectConfigurationPlatforms) = postSolution
		{DC1499A2-69B9-42CD-AB3B-F478742E0D96}.Debug|x64.ActiveCfg = Debug|x64
		{DC1499A2-69B9-42CD-AB3B-F478742E0D96}.Debug|x64.Build.0 = Debug|x64
		{DC1499A2-69B9-42CD-AB3B-F478742E0D96}.Debug|x86.ActiveCfg = Debug|Win32
		{DC1499A2-69B9-42CD-AB3B-F478742E0D96}.Debug|x86.Build.0 = Debug|Win32
		{DC1499A2-69B9-42CD-AB3B-F478742E0D96}.Release|x64.ActiveCfg = Release|x64
		{DC1499A2-69B9-42CD-AB3B-F478742E0D96}.Release|x64.Build.0 = Release|x64
		{DC1499A2-69B9-42CD-AB3B-F478742E0D96}.Release|x86.ActiveCfg = Release|Win32
		{DC1499A2-69B9-42CD-AB3B-F478742E0D96}.Release|x86.Build.0 = Release|Win32
		{2ED30A62-29D0-4E90-96A6-23BCC7A6DC06}.Debug|x64.ActiveCfg = Debug|x64
		{2ED30A62-29D0-4E90-96A6-23BCC7A6DC06}.Debug|x64.Build.0 = Debug|x64
		{2ED30A62-29D0-4E90-96A6-23BCC7A6DC06}.Debug|x86.ActiveCfg = Debug|Win32
		{2ED30A62-29D0-4E90-96A6-23BCC7A6DC06}.Debug|x86.Build.0 = Debug|Win32
		{2ED30A62-29D0-4E90-96A6-23BCC7A6DC06}.Release|x64.ActiveCfg = Release|x64
		{2ED30A62-29D0-4E90-96A6-23BCC7A6DC06}.Release|x64.Build.0 = Release|x64
		{2ED30A62-29D0-4E90-96A6-23BCC7A6DC06}.Release|x86.ActiveCfg = Release|Win32
		{2ED30A62-29D0-4E90-96A6-23BCC7A6DC06}.Release|x86.Build.0 = Release|Win32
	EndGlobalSection
	GlobalSection(SolutionProperties) = preSolution
		HideSolutionNode = FALSE
	EndGlobalSection
	GlobalSection(ExtensibilityGlobals) = postSolution
		SolutionGuid = {99F94746-EE51-4545-8333-4934343BBAC5}
	EndGlobalSection
EndGlobal
